
Microsoft Visual Studio Solution File, Format Version 12.00
# Visual Studio Version 17
VisualStudioVersion = 17.14.36623.8
MinimumVisualStudioVersion = 10.0.40219.1
Project("{FAE04EC0-301F-11D3-BF4B-00C04F79EFBC}") = "ProjetoEmprestimo", "ProjetoEmprestimo\ProjetoEmprestimo.csproj", "{4B6B97AF-A756-411A-B7B5-8E5EFA68E4DD}"
EndProject
Global
	GlobalSection(SolutionConfigurationPlatforms) = preSolution
		Debug|Any CPU = Debug|Any CPU
		Release|Any CPU = Release|Any CPU
	EndGlobalSection
	GlobalSection(ProjectConfigurationPlatforms) = postSolution
		{4B6B97AF-A756-411A-B7B5-8E5EFA68E4DD}.Debug|Any CPU.ActiveCfg = Debug|Any CPU
		{4B6B97AF-A756-411A-B7B5-8E5EFA68E4DD}.Debug|Any CPU.Build.0 = Debug|Any CPU
		{4B6B97AF-A756-411A-B7B5-8E5EFA68E4DD}.Release|Any CPU.ActiveCfg = Release|Any CPU
		{4B6B97AF-A756-411A-B7B5-8E5EFA68E4DD}.Release|Any CPU.Build.0 = Release|Any CPU
	EndGlobalSection
	GlobalSection(SolutionProperties) = preSolution
		HideSolutionNode = FALSE
	EndGlobalSection
	GlobalSection(ExtensibilityGlobals) = postSolution
		SolutionGuid = {E4591B79-07F1-45D6-AEA3-FB40D34ED9AA}
	EndGlobalSection
EndGlobal
